
Microsoft Visual Studio Solution File, Format Version 12.00
# Visual Studio Version 17
VisualStudioVersion = 17.3.32929.385
MinimumVisualStudioVersion = 10.0.40219.1
Project("{FAE04EC0-301F-11D3-BF4B-00C04F79EFBC}") = "LabEFDiseñoPrimero", "LabEFDiseñoPrimero\LabEFDiseñoPrimero.csproj", "{597BED40-0F4B-4676-BF9E-BE0175037E9D}"
EndProject
Global
	GlobalSection(SolutionConfigurationPlatforms) = preSolution
		Debug|Any CPU = Debug|Any CPU
		Release|Any CPU = Release|Any CPU
	EndGlobalSection
	GlobalSection(ProjectConfigurationPlatforms) = postSolution
		{597BED40-0F4B-4676-BF9E-BE0175037E9D}.Debug|Any CPU.ActiveCfg = Debug|Any CPU
		{597BED40-0F4B-4676-BF9E-BE0175037E9D}.Debug|Any CPU.Build.0 = Debug|Any CPU
		{597BED40-0F4B-4676-BF9E-BE0175037E9D}.Release|Any CPU.ActiveCfg = Release|Any CPU
		{597BED40-0F4B-4676-BF9E-BE0175037E9D}.Release|Any CPU.Build.0 = Release|Any CPU
	EndGlobalSection
	GlobalSection(SolutionProperties) = preSolution
		HideSolutionNode = FALSE
	EndGlobalSection
	GlobalSection(ExtensibilityGlobals) = postSolution
		SolutionGuid = {D6A03D34-4487-4132-9B4A-0FCADAC61703}
	EndGlobalSection
EndGlobal
